
Microsoft Visual Studio Solution File, Format Version 12.00
# Visual Studio Version 18
VisualStudioVersion = 18.1.11312.151
MinimumVisualStudioVersion = 10.0.40219.1
Project("{2150E333-8FDC-42A3-9474-1A3956D46DE8}") = "Src", "Src", "{827E0CD3-B72D-47B6-A68D-7590B98EB39B}"
	ProjectSection(SolutionItems) = preProject
		Src\Directory.Build.props = Src\Directory.Build.props
	EndProjectSection
EndProject
Project("{2150E333-8FDC-42A3-9474-1A3956D46DE8}") = "Tests", "Tests", "{0AB3BF05-4346-4AA6-1389-037BE0695223}"
EndProject
Project("{2150E333-8FDC-42A3-9474-1A3956D46DE8}") = "Solution Items", "Solution Items", "{8ADC7C23-492F-45AA-A9CF-B8AAB17835C7}"
	ProjectSection(SolutionItems) = preProject
		.editorconfig = .editorconfig
		.gitignore = .gitignore
		build.cake = build.cake
		.github\workflows\build.yml = .github\workflows\build.yml
		Directory.Build.props = Directory.Build.props
		Directory.Packages.props = Directory.Packages.props
		docfx.json = docfx.json
		dotnet-tools.json = dotnet-tools.json
		global.json = global.json
		LICENSE.txt = LICENSE.txt
		nuget.config = nuget.config
		README.md = README.md
	EndProjectSection
EndProject
Project("{2150E333-8FDC-42A3-9474-1A3956D46DE8}") = "Samples", "Samples", "{5D20AA90-6969-D8BD-9DCD-8634F4692FDA}"
EndProject
Project("{FAE04EC0-301F-11D3-BF4B-00C04F79EFBC}") = "Moxd.Maui.Dispatch.Tests", "Tests\Moxd.Maui.Dispatch.Tests\Moxd.Maui.Dispatch.Tests.csproj", "{70C14615-316C-436D-99A6-D0A613616C99}"
EndProject
Project("{FAE04EC0-301F-11D3-BF4B-00C04F79EFBC}") = "Moxd.Maui.Core", "Src\Moxd.Maui.Core\Moxd.Maui.Core.csproj", "{8DC73B64-D620-487B-8ED0-A21EDAD84FBE}"
EndProject
Project("{FAE04EC0-301F-11D3-BF4B-00C04F79EFBC}") = "Moxd.Maui.Dispatch", "Src\Moxd.Maui.Dispatch\Moxd.Maui.Dispatch.csproj", "{2FF5EDCF-7007-43F4-A0C0-30D1745E94D5}"
EndProject
Project("{FAE04EC0-301F-11D3-BF4B-00C04F79EFBC}") = "Moxd.Maui.Sample", "Samples\Moxd.Maui.Sample\Moxd.Maui.Sample.csproj", "{D5C8A6EC-0222-4B9E-8B92-DEE4C6644D6C}"
EndProject
Project("{FAE04EC0-301F-11D3-BF4B-00C04F79EFBC}") = "Moxd.Maui.Core.Tests", "Tests\Moxd.Maui.Core.Tests\Moxd.Maui.Core.Tests.csproj", "{C14FBDD7-72DB-4CE0-8ABA-F856005A166A}"
EndProject
Global
	GlobalSection(SolutionConfigurationPlatforms) = preSolution
		Debug|Any CPU = Debug|Any CPU
		Debug|x64 = Debug|x64
		Debug|x86 = Debug|x86
		Release|Any CPU = Release|Any CPU
		Release|x64 = Release|x64
		Release|x86 = Release|x86
	EndGlobalSection
	GlobalSection(ProjectConfigurationPlatforms) = postSolution
		{70C14615-316C-436D-99A6-D0A613616C99}.Debug|Any CPU.ActiveCfg = Debug|Any CPU
		{70C14615-316C-436D-99A6-D0A613616C99}.Debug|Any CPU.Build.0 = Debug|Any CPU
		{70C14615-316C-436D-99A6-D0A613616C99}.Debug|x64.ActiveCfg = Debug|Any CPU
		{70C14615-316C-436D-99A6-D0A613616C99}.Debug|x64.Build.0 = Debug|Any CPU
		{70C14615-316C-436D-99A6-D0A613616C99}.Debug|x86.ActiveCfg = Debug|Any CPU
		{70C14615-316C-436D-99A6-D0A613616C99}.Debug|x86.Build.0 = Debug|Any CPU
		{70C14615-316C-436D-99A6-D0A613616C99}.Release|Any CPU.ActiveCfg = Release|Any CPU
		{70C14615-316C-436D-99A6-D0A613616C99}.Release|Any CPU.Build.0 = Release|Any CPU
		{70C14615-316C-436D-99A6-D0A613616C99}.Release|x64.ActiveCfg = Release|Any CPU
		{70C14615-316C-436D-99A6-D0A613616C99}.Release|x64.Build.0 = Release|Any CPU
		{70C14615-316C-436D-99A6-D0A613616C99}.Release|x86.ActiveCfg = Release|Any CPU
		{70C14615-316C-436D-99A6-D0A613616C99}.Release|x86.Build.0 = Release|Any CPU
		{8DC73B64-D620-487B-8ED0-A21EDAD84FBE}.Debug|Any CPU.ActiveCfg = Debug|Any CPU
		{8DC73B64-D620-487B-8ED0-A21EDAD84FBE}.Debug|Any CPU.Build.0 = Debug|Any CPU
		{8DC73B64-D620-487B-8ED0-A21EDAD84FBE}.Debug|x64.ActiveCfg = Debug|Any CPU
		{8DC73B64-D620-487B-8ED0-A21EDAD84FBE}.Debug|x64.Build.0 = Debug|Any CPU
		{8DC73B64-D620-487B-8ED0-A21EDAD84FBE}.Debug|x86.ActiveCfg = Debug|Any CPU
		{8DC73B64-D620-487B-8ED0-A21EDAD84FBE}.Debug|x86.Build.0 = Debug|Any CPU
		{8DC73B64-D620-487B-8ED0-A21EDAD84FBE}.Release|Any CPU.ActiveCfg = Release|Any CPU
		{8DC73B64-D620-487B-8ED0-A21EDAD84FBE}.Release|Any CPU.Build.0 = Release|Any CPU
		{8DC73B64-D620-487B-8ED0-A21EDAD84FBE}.Release|x64.ActiveCfg = Release|Any CPU
		{8DC73B64-D620-487B-8ED0-A21EDAD84FBE}.Release|x64.Build.0 = Release|Any CPU
		{8DC73B64-D620-487B-8ED0-A21EDAD84FBE}.Release|x86.ActiveCfg = Release|Any CPU
		{8DC73B64-D620-487B-8ED0-A21EDAD84FBE}.Release|x86.Build.0 = Release|Any CPU
		{2FF5EDCF-7007-43F4-A0C0-30D1745E94D5}.Debug|Any CPU.ActiveCfg = Debug|Any CPU
		{2FF5EDCF-7007-43F4-A0C0-30D1745E94D5}.Debug|Any CPU.Build.0 = Debug|Any CPU
		{2FF5EDCF-7007-43F4-A0C0-30D1745E94D5}.Debug|x64.ActiveCfg = Debug|Any CPU
		{2FF5EDCF-7007-43F4-A0C0-30D1745E94D5}.Debug|x64.Build.0 = Debug|Any CPU
		{2FF5EDCF-7007-43F4-A0C0-30D1745E94D5}.Debug|x86.ActiveCfg = Debug|Any CPU
		{2FF5EDCF-7007-43F4-A0C0-30D1745E94D5}.Debug|x86.Build.0 = Debug|Any CPU
		{2FF5EDCF-7007-43F4-A0C0-30D1745E94D5}.Release|Any CPU.ActiveCfg = Release|Any CPU
		{2FF5EDCF-7007-43F4-A0C0-30D1745E94D5}.Release|Any CPU.Build.0 = Release|Any CPU
		{2FF5EDCF-7007-43F4-A0C0-30D1745E94D5}.Release|x64.ActiveCfg = Release|Any CPU
		{2FF5EDCF-7007-43F4-A0C0-30D1745E94D5}.Release|x64.Build.0 = Release|Any CPU
		{2FF5EDCF-7007-43F4-A0C0-30D1745E94D5}.Release|x86.ActiveCfg = Release|Any CPU
		{2FF5EDCF-7007-43F4-A0C0-30D1745E94D5}.Release|x86.Build.0 = Release|Any CPU
		{D5C8A6EC-0222-4B9E-8B92-DEE4C6644D6C}.Debug|Any CPU.ActiveCfg = Debug|Any CPU
		{D5C8A6EC-0222-4B9E-8B92-DEE4C6644D6C}.Debug|Any CPU.Build.0 = Debug|Any CPU
		{D5C8A6EC-0222-4B9E-8B92-DEE4C6644D6C}.Debug|x64.ActiveCfg = Debug|Any CPU
		{D5C8A6EC-0222-4B9E-8B92-DEE4C6644D6C}.Debug|x64.Build.0 = Debug|Any CPU
		{D5C8A6EC-0222-4B9E-8B92-DEE4C6644D6C}.Debug|x86.ActiveCfg = Debug|Any CPU
		{D5C8A6EC-0222-4B9E-8B92-DEE4C6644D6C}.Debug|x86.Build.0 = Debug|Any CPU
		{D5C8A6EC-0222-4B9E-8B92-DEE4C6644D6C}.Release|Any CPU.ActiveCfg = Release|Any CPU
		{D5C8A6EC-0222-4B9E-8B92-DEE4C6644D6C}.Release|Any CPU.Build.0 = Release|Any CPU
		{D5C8A6EC-0222-4B9E-8B92-DEE4C6644D6C}.Release|x64.ActiveCfg = Release|Any CPU
		{D5C8A6EC-0222-4B9E-8B92-DEE4C6644D6C}.Release|x64.Build.0 = Release|Any CPU
		{D5C8A6EC-0222-4B9E-8B92-DEE4C6644D6C}.Release|x86.ActiveCfg = Release|Any CPU
		{D5C8A6EC-0222-4B9E-8B92-DEE4C6644D6C}.Release|x86.Build.0 = Release|Any CPU
		{C14FBDD7-72DB-4CE0-8ABA-F856005A166A}.Debug|Any CPU.ActiveCfg = Debug|Any CPU
		{C14FBDD7-72DB-4CE0-8ABA-F856005A166A}.Debug|Any CPU.Build.0 = Debug|Any CPU
		{C14FBDD7-72DB-4CE0-8ABA-F856005A166A}.Debug|x64.ActiveCfg = Debug|Any CPU
		{C14FBDD7-72DB-4CE0-8ABA-F856005A166A}.Debug|x64.Build.0 = Debug|Any CPU
		{C14FBDD7-72DB-4CE0-8ABA-F856005A166A}.Debug|x86.ActiveCfg = Debug|Any CPU
		{C14FBDD7-72DB-4CE0-8ABA-F856005A166A}.Debug|x86.Build.0 = Debug|Any CPU
		{C14FBDD7-72DB-4CE0-8ABA-F856005A166A}.Release|Any CPU.ActiveCfg = Release|Any CPU
		{C14FBDD7-72DB-4CE0-8ABA-F856005A166A}.Release|Any CPU.Build.0 = Release|Any CPU
		{C14FBDD7-72DB-4CE0-8ABA-F856005A166A}.Release|x64.ActiveCfg = Release|Any CPU
		{C14FBDD7-72DB-4CE0-8ABA-F856005A166A}.Release|x64.Build.0 = Release|Any CPU
		{C14FBDD7-72DB-4CE0-8ABA-F856005A166A}.Release|x86.ActiveCfg = Release|Any CPU
		{C14FBDD7-72DB-4CE0-8ABA-F856005A166A}.Release|x86.Build.0 = Release|Any CPU
	EndGlobalSection
	GlobalSection(SolutionProperties) = preSolution
		HideSolutionNode = FALSE
	EndGlobalSection
	GlobalSection(NestedProjects) = preSolution
		{70C14615-316C-436D-99A6-D0A613616C99} = {0AB3BF05-4346-4AA6-1389-037BE0695223}
		{8DC73B64-D620-487B-8ED0-A21EDAD84FBE} = {827E0CD3-B72D-47B6-A68D-7590B98EB39B}
		{2FF5EDCF-7007-43F4-A0C0-30D1745E94D5} = {827E0CD3-B72D-47B6-A68D-7590B98EB39B}
		{D5C8A6EC-0222-4B9E-8B92-DEE4C6644D6C} = {5D20AA90-6969-D8BD-9DCD-8634F4692FDA}
		{C14FBDD7-72DB-4CE0-8ABA-F856005A166A} = {0AB3BF05-4346-4AA6-1389-037BE0695223}
	EndGlobalSection
	GlobalSection(ExtensibilityGlobals) = postSolution
		SolutionGuid = {3972507F-6274-4D62-948D-77AE45EA2204}
	EndGlobalSection
EndGlobal
